
Microsoft Visual Studio Solution File, Format Version 12.00
# Visual Studio Version 16
VisualStudioVersion = 16.0.31112.23
MinimumVisualStudioVersion = 10.0.40219.1
Project("{FAE04EC0-301F-11D3-BF4B-00C04F79EFBC}") = "Buchtík_2023-02-27", "Buchtík_2023-02-27\Buchtík_2023-02-27.csproj", "{C2B9A291-A5FC-4E15-A98F-70C3F775906F}"
EndProject
Global
	GlobalSection(SolutionConfigurationPlatforms) = preSolution
		Debug|Any CPU = Debug|Any CPU
		Release|Any CPU = Release|Any CPU
	EndGlobalSection
	GlobalSection(ProjectConfigurationPlatforms) = postSolution
		{C2B9A291-A5FC-4E15-A98F-70C3F775906F}.Debug|Any CPU.ActiveCfg = Debug|Any CPU
		{C2B9A291-A5FC-4E15-A98F-70C3F775906F}.Debug|Any CPU.Build.0 = Debug|Any CPU
		{C2B9A291-A5FC-4E15-A98F-70C3F775906F}.Release|Any CPU.ActiveCfg = Release|Any CPU
		{C2B9A291-A5FC-4E15-A98F-70C3F775906F}.Release|Any CPU.Build.0 = Release|Any CPU
	EndGlobalSection
	GlobalSection(SolutionProperties) = preSolution
		HideSolutionNode = FALSE
	EndGlobalSection
	GlobalSection(ExtensibilityGlobals) = postSolution
		SolutionGuid = {479217C2-A9F1-45CE-998A-5C5DFED4D2DC}
	EndGlobalSection
EndGlobal
