
Microsoft Visual Studio Solution File, Format Version 12.00
# Visual Studio Version 16
VisualStudioVersion = 16.0.31112.23
MinimumVisualStudioVersion = 10.0.40219.1
Project("{FAE04EC0-301F-11D3-BF4B-00C04F79EFBC}") = "test_2023-02-20_cary_kruznice", "test_2023-02-20_cary_kruznice\test_2023-02-20_cary_kruznice.csproj", "{CC21D215-AC7C-4A3F-96D5-8850D3F51355}"
EndProject
Global
	GlobalSection(SolutionConfigurationPlatforms) = preSolution
		Debug|Any CPU = Debug|Any CPU
		Release|Any CPU = Release|Any CPU
	EndGlobalSection
	GlobalSection(ProjectConfigurationPlatforms) = postSolution
		{CC21D215-AC7C-4A3F-96D5-8850D3F51355}.Debug|Any CPU.ActiveCfg = Debug|Any CPU
		{CC21D215-AC7C-4A3F-96D5-8850D3F51355}.Debug|Any CPU.Build.0 = Debug|Any CPU
		{CC21D215-AC7C-4A3F-96D5-8850D3F51355}.Release|Any CPU.ActiveCfg = Release|Any CPU
		{CC21D215-AC7C-4A3F-96D5-8850D3F51355}.Release|Any CPU.Build.0 = Release|Any CPU
	EndGlobalSection
	GlobalSection(SolutionProperties) = preSolution
		HideSolutionNode = FALSE
	EndGlobalSection
	GlobalSection(ExtensibilityGlobals) = postSolution
		SolutionGuid = {B1EAA7B0-FCA5-40F9-B578-DFF2D68AAC3A}
	EndGlobalSection
EndGlobal
