
Microsoft Visual Studio Solution File, Format Version 12.00
# Visual Studio Version 16
VisualStudioVersion = 16.0.31112.23
MinimumVisualStudioVersion = 10.0.40219.1
Project("{FAE04EC0-301F-11D3-BF4B-00C04F79EFBC}") = "Botek_hraci_pole", "Botek_hraci_pole\Botek_hraci_pole.csproj", "{C0B0BFFE-E5A5-4A77-A0DB-53D1CB0BAC74}"
EndProject
Global
	GlobalSection(SolutionConfigurationPlatforms) = preSolution
		Debug|Any CPU = Debug|Any CPU
		Release|Any CPU = Release|Any CPU
	EndGlobalSection
	GlobalSection(ProjectConfigurationPlatforms) = postSolution
		{C0B0BFFE-E5A5-4A77-A0DB-53D1CB0BAC74}.Debug|Any CPU.ActiveCfg = Debug|Any CPU
		{C0B0BFFE-E5A5-4A77-A0DB-53D1CB0BAC74}.Debug|Any CPU.Build.0 = Debug|Any CPU
		{C0B0BFFE-E5A5-4A77-A0DB-53D1CB0BAC74}.Release|Any CPU.ActiveCfg = Release|Any CPU
		{C0B0BFFE-E5A5-4A77-A0DB-53D1CB0BAC74}.Release|Any CPU.Build.0 = Release|Any CPU
	EndGlobalSection
	GlobalSection(SolutionProperties) = preSolution
		HideSolutionNode = FALSE
	EndGlobalSection
	GlobalSection(ExtensibilityGlobals) = postSolution
		SolutionGuid = {C98C39A9-A3A5-4AF9-ACED-6890D4BD66E6}
	EndGlobalSection
EndGlobal
