
Microsoft Visual Studio Solution File, Format Version 12.00
Project("{FAE04EC0-301F-11D3-BF4B-00C04F79EFBC}") = "slunecni_soustava", "slunecni_soustava\slunecni_soustava.csproj", "{648C653B-09F7-428D-8231-B64BB160663A}"
EndProject
Global
	GlobalSection(SolutionConfigurationPlatforms) = preSolution
		Debug|Any CPU = Debug|Any CPU
		Release|Any CPU = Release|Any CPU
	EndGlobalSection
	GlobalSection(ProjectConfigurationPlatforms) = postSolution
		{648C653B-09F7-428D-8231-B64BB160663A}.Debug|Any CPU.ActiveCfg = Debug|Any CPU
		{648C653B-09F7-428D-8231-B64BB160663A}.Debug|Any CPU.Build.0 = Debug|Any CPU
		{648C653B-09F7-428D-8231-B64BB160663A}.Release|Any CPU.ActiveCfg = Release|Any CPU
		{648C653B-09F7-428D-8231-B64BB160663A}.Release|Any CPU.Build.0 = Release|Any CPU
	EndGlobalSection
EndGlobal
