
Microsoft Visual Studio Solution File, Format Version 12.00
# Visual Studio Version 16
VisualStudioVersion = 16.0.31112.23
MinimumVisualStudioVersion = 10.0.40219.1
Project("{FAE04EC0-301F-11D3-BF4B-00C04F79EFBC}") = "tvary_komplexniho_cisla", "tvary_komplexniho_cisla\tvary_komplexniho_cisla.csproj", "{82F79B02-F4A5-44A1-9B8C-D7C726E74AB8}"
EndProject
Global
	GlobalSection(SolutionConfigurationPlatforms) = preSolution
		Debug|Any CPU = Debug|Any CPU
		Release|Any CPU = Release|Any CPU
	EndGlobalSection
	GlobalSection(ProjectConfigurationPlatforms) = postSolution
		{82F79B02-F4A5-44A1-9B8C-D7C726E74AB8}.Debug|Any CPU.ActiveCfg = Debug|Any CPU
		{82F79B02-F4A5-44A1-9B8C-D7C726E74AB8}.Debug|Any CPU.Build.0 = Debug|Any CPU
		{82F79B02-F4A5-44A1-9B8C-D7C726E74AB8}.Release|Any CPU.ActiveCfg = Release|Any CPU
		{82F79B02-F4A5-44A1-9B8C-D7C726E74AB8}.Release|Any CPU.Build.0 = Release|Any CPU
	EndGlobalSection
	GlobalSection(SolutionProperties) = preSolution
		HideSolutionNode = FALSE
	EndGlobalSection
	GlobalSection(ExtensibilityGlobals) = postSolution
		SolutionGuid = {EFD90754-AA0A-4CD2-A34C-E1ED9ECF3BE6}
	EndGlobalSection
EndGlobal
