
Microsoft Visual Studio Solution File, Format Version 12.00
# Visual Studio Version 16
VisualStudioVersion = 16.0.31112.23
MinimumVisualStudioVersion = 10.0.40219.1
Project("{FAE04EC0-301F-11D3-BF4B-00C04F79EFBC}") = "pole v3_2022-12-05", "pole v3_2022-12-05\pole v3_2022-12-05.csproj", "{05A2A718-403F-4AB8-8D8A-039481888257}"
EndProject
Global
	GlobalSection(SolutionConfigurationPlatforms) = preSolution
		Debug|Any CPU = Debug|Any CPU
		Release|Any CPU = Release|Any CPU
	EndGlobalSection
	GlobalSection(ProjectConfigurationPlatforms) = postSolution
		{05A2A718-403F-4AB8-8D8A-039481888257}.Debug|Any CPU.ActiveCfg = Debug|Any CPU
		{05A2A718-403F-4AB8-8D8A-039481888257}.Debug|Any CPU.Build.0 = Debug|Any CPU
		{05A2A718-403F-4AB8-8D8A-039481888257}.Release|Any CPU.ActiveCfg = Release|Any CPU
		{05A2A718-403F-4AB8-8D8A-039481888257}.Release|Any CPU.Build.0 = Release|Any CPU
	EndGlobalSection
	GlobalSection(SolutionProperties) = preSolution
		HideSolutionNode = FALSE
	EndGlobalSection
	GlobalSection(ExtensibilityGlobals) = postSolution
		SolutionGuid = {C552C005-57D0-4932-A9B2-9B4E618F496F}
	EndGlobalSection
EndGlobal
