
Microsoft Visual Studio Solution File, Format Version 12.00
# Visual Studio Version 16
VisualStudioVersion = 16.0.31112.23
MinimumVisualStudioVersion = 10.0.40219.1
Project("{FAE04EC0-301F-11D3-BF4B-00C04F79EFBC}") = "hra_hadani_cisel", "hra_hadani_cisel\hra_hadani_cisel.csproj", "{262A6209-D4FF-44F6-B17D-5B9F9BCCE3C3}"
EndProject
Global
	GlobalSection(SolutionConfigurationPlatforms) = preSolution
		Debug|Any CPU = Debug|Any CPU
		Release|Any CPU = Release|Any CPU
	EndGlobalSection
	GlobalSection(ProjectConfigurationPlatforms) = postSolution
		{262A6209-D4FF-44F6-B17D-5B9F9BCCE3C3}.Debug|Any CPU.ActiveCfg = Debug|Any CPU
		{262A6209-D4FF-44F6-B17D-5B9F9BCCE3C3}.Debug|Any CPU.Build.0 = Debug|Any CPU
		{262A6209-D4FF-44F6-B17D-5B9F9BCCE3C3}.Release|Any CPU.ActiveCfg = Release|Any CPU
		{262A6209-D4FF-44F6-B17D-5B9F9BCCE3C3}.Release|Any CPU.Build.0 = Release|Any CPU
	EndGlobalSection
	GlobalSection(SolutionProperties) = preSolution
		HideSolutionNode = FALSE
	EndGlobalSection
	GlobalSection(ExtensibilityGlobals) = postSolution
		SolutionGuid = {BD1372EA-063F-4C0C-BC74-0DE20416C156}
	EndGlobalSection
EndGlobal
