
Microsoft Visual Studio Solution File, Format Version 12.00
# Visual Studio Version 16
VisualStudioVersion = 16.0.31112.23
MinimumVisualStudioVersion = 10.0.40219.1
Project("{FAE04EC0-301F-11D3-BF4B-00C04F79EFBC}") = "Buchtík_2023-05-22_test", "Buchtík_2023-05-22_test\Buchtík_2023-05-22_test.csproj", "{12494F73-30FE-4C43-84E1-20D41D36BDB9}"
EndProject
Global
	GlobalSection(SolutionConfigurationPlatforms) = preSolution
		Debug|Any CPU = Debug|Any CPU
		Release|Any CPU = Release|Any CPU
	EndGlobalSection
	GlobalSection(ProjectConfigurationPlatforms) = postSolution
		{12494F73-30FE-4C43-84E1-20D41D36BDB9}.Debug|Any CPU.ActiveCfg = Debug|Any CPU
		{12494F73-30FE-4C43-84E1-20D41D36BDB9}.Debug|Any CPU.Build.0 = Debug|Any CPU
		{12494F73-30FE-4C43-84E1-20D41D36BDB9}.Release|Any CPU.ActiveCfg = Release|Any CPU
		{12494F73-30FE-4C43-84E1-20D41D36BDB9}.Release|Any CPU.Build.0 = Release|Any CPU
	EndGlobalSection
	GlobalSection(SolutionProperties) = preSolution
		HideSolutionNode = FALSE
	EndGlobalSection
	GlobalSection(ExtensibilityGlobals) = postSolution
		SolutionGuid = {8B11D1DF-FF29-423B-A5A2-7932A9963D8F}
	EndGlobalSection
EndGlobal
