
Microsoft Visual Studio Solution File, Format Version 12.00
# Visual Studio Version 16
VisualStudioVersion = 16.0.31112.23
MinimumVisualStudioVersion = 10.0.40219.1
Project("{FAE04EC0-301F-11D3-BF4B-00C04F79EFBC}") = "přepočet z trojúhelníku na hvězdu", "přepočet z trojúhelníku na hvězdu\přepočet z trojúhelníku na hvězdu.csproj", "{B9667A77-F452-4331-BDDB-530CC39C54B4}"
EndProject
Global
	GlobalSection(SolutionConfigurationPlatforms) = preSolution
		Debug|Any CPU = Debug|Any CPU
		Release|Any CPU = Release|Any CPU
	EndGlobalSection
	GlobalSection(ProjectConfigurationPlatforms) = postSolution
		{B9667A77-F452-4331-BDDB-530CC39C54B4}.Debug|Any CPU.ActiveCfg = Debug|Any CPU
		{B9667A77-F452-4331-BDDB-530CC39C54B4}.Debug|Any CPU.Build.0 = Debug|Any CPU
		{B9667A77-F452-4331-BDDB-530CC39C54B4}.Release|Any CPU.ActiveCfg = Release|Any CPU
		{B9667A77-F452-4331-BDDB-530CC39C54B4}.Release|Any CPU.Build.0 = Release|Any CPU
	EndGlobalSection
	GlobalSection(SolutionProperties) = preSolution
		HideSolutionNode = FALSE
	EndGlobalSection
	GlobalSection(ExtensibilityGlobals) = postSolution
		SolutionGuid = {ABED52D2-BA9A-42EE-8AF3-770FEC5C5EE5}
	EndGlobalSection
EndGlobal
